
Microsoft Visual Studio Solution File, Format Version 12.00
# Visual Studio Version 17
VisualStudioVersion = 17.3.32901.215
MinimumVisualStudioVersion = 10.0.40219.1
Project("{9A19103F-16F7-4668-BE54-9A1E7A4F7556}") = "Blockchat", "Blockchat.csproj", "{AB85A635-84DC-495E-904B-1B4B881421FF}"
EndProject
Global
	GlobalSection(SolutionConfigurationPlatforms) = preSolution
		Debug|Any CPU = Debug|Any CPU
		Release|Any CPU = Release|Any CPU
	EndGlobalSection
	GlobalSection(ProjectConfigurationPlatforms) = postSolution
		{AB85A635-84DC-495E-904B-1B4B881421FF}.Debug|Any CPU.ActiveCfg = Debug|Any CPU
		{AB85A635-84DC-495E-904B-1B4B881421FF}.Debug|Any CPU.Build.0 = Debug|Any CPU
		{AB85A635-84DC-495E-904B-1B4B881421FF}.Release|Any CPU.ActiveCfg = Release|Any CPU
		{AB85A635-84DC-495E-904B-1B4B881421FF}.Release|Any CPU.Build.0 = Release|Any CPU
	EndGlobalSection
	GlobalSection(SolutionProperties) = preSolution
		HideSolutionNode = FALSE
	EndGlobalSection
	GlobalSection(ExtensibilityGlobals) = postSolution
		SolutionGuid = {CA08F335-1EC9-47E9-AB6E-D69E342470C4}
	EndGlobalSection
EndGlobal
